// !$*UTF8*$!
{
	archiveVersion = 1;
	classes = {
	};
	objectVersion = 56;
	objects = {

/* Begin PBXBuildFile section */
		F505CB71295321640079AE4A /* AppDelegate.swift in Sources */ = {isa = PBXBuildFile; fileRef = F505CB70295321640079AE4A /* AppDelegate.swift */; };
		F505CB73295321640079AE4A /* SceneDelegate.swift in Sources */ = {isa = PBXBuildFile; fileRef = F505CB72295321640079AE4A /* SceneDelegate.swift */; };
		F505CB78295321640079AE4A /* Main.storyboard in Resources */ = {isa = PBXBuildFile; fileRef = F505CB76295321640079AE4A /* Main.storyboard */; };
		F505CB7A295321650079AE4A /* Assets.xcassets in Resources */ = {isa = PBXBuildFile; fileRef = F505CB79295321650079AE4A /* Assets.xcassets */; };
		F505CB7D295321650079AE4A /* LaunchScreen.storyboard in Resources */ = {isa = PBXBuildFile; fileRef = F505CB7B295321650079AE4A /* LaunchScreen.storyboard */; };
		F505CB89295322AD0079AE4A /* ActionsCVController.swift in Sources */ = {isa = PBXBuildFile; fileRef = F505CB88295322AD0079AE4A /* ActionsCVController.swift */; };
		F505CB8B295323A80079AE4A /* ActionCVCell.swift in Sources */ = {isa = PBXBuildFile; fileRef = F505CB8A295323A80079AE4A /* ActionCVCell.swift */; };
		F505CB8F29534EC40079AE4A /* ImageVC.swift in Sources */ = {isa = PBXBuildFile; fileRef = F505CB8E29534EC40079AE4A /* ImageVC.swift */; };
		F52C7C18295876640031D5DE /* Models.swift in Sources */ = {isa = PBXBuildFile; fileRef = F52C7C17295876640031D5DE /* Models.swift */; };
		F52C7C1A2958779C0031D5DE /* UsersTVC.swift in Sources */ = {isa = PBXBuildFile; fileRef = F52C7C192958779C0031D5DE /* UsersTVC.swift */; };
		F52C7C1C295881C10031D5DE /* DetailUserVC.swift in Sources */ = {isa = PBXBuildFile; fileRef = F52C7C1B295881C10031D5DE /* DetailUserVC.swift */; };
		F52C7C2029588E580031D5DE /* PostFlow.storyboard in Resources */ = {isa = PBXBuildFile; fileRef = F52C7C1F29588E580031D5DE /* PostFlow.storyboard */; };
		F52C7C2429588F780031D5DE /* PostsTVC.swift in Sources */ = {isa = PBXBuildFile; fileRef = F52C7C2329588F780031D5DE /* PostsTVC.swift */; };
		F52C7C26295891420031D5DE /* ApiConstants.swift in Sources */ = {isa = PBXBuildFile; fileRef = F52C7C25295891420031D5DE /* ApiConstants.swift */; };
		F5480B0A295A19E40028FCDE /* CommentsTVC.swift in Sources */ = {isa = PBXBuildFile; fileRef = F5480B09295A19E40028FCDE /* CommentsTVC.swift */; };
/* End PBXBuildFile section */

/* Begin PBXFileReference section */
		F505CB6D295321640079AE4A /* RestAPIApp.app */ = {isa = PBXFileReference; explicitFileType = wrapper.application; includeInIndex = 0; path = RestAPIApp.app; sourceTree = BUILT_PRODUCTS_DIR; };
		F505CB70295321640079AE4A /* AppDelegate.swift */ = {isa = PBXFileReference; lastKnownFileType = sourcecode.swift; path = AppDelegate.swift; sourceTree = "<group>"; };
		F505CB72295321640079AE4A /* SceneDelegate.swift */ = {isa = PBXFileReference; lastKnownFileType = sourcecode.swift; path = SceneDelegate.swift; sourceTree = "<group>"; };
		F505CB77295321640079AE4A /* Base */ = {isa = PBXFileReference; lastKnownFileType = file.storyboard; name = Base; path = Base.lproj/Main.storyboard; sourceTree = "<group>"; };
		F505CB79295321650079AE4A /* Assets.xcassets */ = {isa = PBXFileReference; lastKnownFileType = folder.assetcatalog; path = Assets.xcassets; sourceTree = "<group>"; };
		F505CB7C295321650079AE4A /* Base */ = {isa = PBXFileReference; lastKnownFileType = file.storyboard; name = Base; path = Base.lproj/LaunchScreen.storyboard; sourceTree = "<group>"; };
		F505CB7E295321650079AE4A /* Info.plist */ = {isa = PBXFileReference; lastKnownFileType = text.plist.xml; path = Info.plist; sourceTree = "<group>"; };
		F505CB88295322AD0079AE4A /* ActionsCVController.swift */ = {isa = PBXFileReference; lastKnownFileType = sourcecode.swift; path = ActionsCVController.swift; sourceTree = "<group>"; };
		F505CB8A295323A80079AE4A /* ActionCVCell.swift */ = {isa = PBXFileReference; lastKnownFileType = sourcecode.swift; path = ActionCVCell.swift; sourceTree = "<group>"; };
		F505CB8E29534EC40079AE4A /* ImageVC.swift */ = {isa = PBXFileReference; lastKnownFileType = sourcecode.swift; path = ImageVC.swift; sourceTree = "<group>"; };
		F52C7C17295876640031D5DE /* Models.swift */ = {isa = PBXFileReference; lastKnownFileType = sourcecode.swift; path = Models.swift; sourceTree = "<group>"; };
		F52C7C192958779C0031D5DE /* UsersTVC.swift */ = {isa = PBXFileReference; lastKnownFileType = sourcecode.swift; path = UsersTVC.swift; sourceTree = "<group>"; };
		F52C7C1B295881C10031D5DE /* DetailUserVC.swift */ = {isa = PBXFileReference; lastKnownFileType = sourcecode.swift; path = DetailUserVC.swift; sourceTree = "<group>"; };
		F52C7C1F29588E580031D5DE /* PostFlow.storyboard */ = {isa = PBXFileReference; lastKnownFileType = file.storyboard; path = PostFlow.storyboard; sourceTree = "<group>"; };
		F52C7C2329588F780031D5DE /* PostsTVC.swift */ = {isa = PBXFileReference; lastKnownFileType = sourcecode.swift; path = PostsTVC.swift; sourceTree = "<group>"; };
		F52C7C25295891420031D5DE /* ApiConstants.swift */ = {isa = PBXFileReference; lastKnownFileType = sourcecode.swift; path = ApiConstants.swift; sourceTree = "<group>"; };
		F5480B09295A19E40028FCDE /* CommentsTVC.swift */ = {isa = PBXFileReference; lastKnownFileType = sourcecode.swift; path = CommentsTVC.swift; sourceTree = "<group>"; };
/* End PBXFileReference section */

/* Begin PBXFrameworksBuildPhase section */
		F505CB6A295321640079AE4A /* Frameworks */ = {
			isa = PBXFrameworksBuildPhase;
			buildActionMask = 2147483647;
			files = (
			);
			runOnlyForDeploymentPostprocessing = 0;
		};
/* End PBXFrameworksBuildPhase section */

/* Begin PBXGroup section */
		F505CB64295321640079AE4A = {
			isa = PBXGroup;
			children = (
				F505CB6F295321640079AE4A /* RestAPIApp */,
				F505CB6E295321640079AE4A /* Products */,
			);
			sourceTree = "<group>";
		};
		F505CB6E295321640079AE4A /* Products */ = {
			isa = PBXGroup;
			children = (
				F505CB6D295321640079AE4A /* RestAPIApp.app */,
			);
			name = Products;
			sourceTree = "<group>";
		};
		F505CB6F295321640079AE4A /* RestAPIApp */ = {
			isa = PBXGroup;
			children = (
				F505CB87295322420079AE4A /* Model */,
				F505CB85295322020079AE4A /* Views */,
				F505CB86295322300079AE4A /* Controllers */,
				F505CB79295321650079AE4A /* Assets.xcassets */,
				F505CB84295321E50079AE4A /* AppDelegates */,
				F505CB7E295321650079AE4A /* Info.plist */,
			);
			path = RestAPIApp;
			sourceTree = "<group>";
		};
		F505CB84295321E50079AE4A /* AppDelegates */ = {
			isa = PBXGroup;
			children = (
				F505CB70295321640079AE4A /* AppDelegate.swift */,
				F505CB72295321640079AE4A /* SceneDelegate.swift */,
			);
			path = AppDelegates;
			sourceTree = "<group>";
		};
		F505CB85295322020079AE4A /* Views */ = {
			isa = PBXGroup;
			children = (
				F505CB7B295321650079AE4A /* LaunchScreen.storyboard */,
				F505CB76295321640079AE4A /* Main.storyboard */,
				F52C7C1F29588E580031D5DE /* PostFlow.storyboard */,
			);
			path = Views;
			sourceTree = "<group>";
		};
		F505CB86295322300079AE4A /* Controllers */ = {
			isa = PBXGroup;
			children = (
				F505CB88295322AD0079AE4A /* ActionsCVController.swift */,
				F505CB8A295323A80079AE4A /* ActionCVCell.swift */,
				F505CB8E29534EC40079AE4A /* ImageVC.swift */,
				F52C7C2129588F090031D5DE /* Users */,
				F52C7C2229588F440031D5DE /* PostsFlow */,
			);
			path = Controllers;
			sourceTree = "<group>";
		};
		F505CB87295322420079AE4A /* Model */ = {
			isa = PBXGroup;
			children = (
				F52C7C17295876640031D5DE /* Models.swift */,
				F52C7C25295891420031D5DE /* ApiConstants.swift */,
			);
			path = Model;
			sourceTree = "<group>";
		};
		F52C7C2129588F090031D5DE /* Users */ = {
			isa = PBXGroup;
			children = (
				F52C7C192958779C0031D5DE /* UsersTVC.swift */,
				F52C7C1B295881C10031D5DE /* DetailUserVC.swift */,
			);
			path = Users;
			sourceTree = "<group>";
		};
		F52C7C2229588F440031D5DE /* PostsFlow */ = {
			isa = PBXGroup;
			children = (
				F52C7C2329588F780031D5DE /* PostsTVC.swift */,
				F5480B09295A19E40028FCDE /* CommentsTVC.swift */,
			);
			path = PostsFlow;
			sourceTree = "<group>";
		};
/* End PBXGroup section */

/* Begin PBXNativeTarget section */
		F505CB6C295321640079AE4A /* RestAPIApp */ = {
			isa = PBXNativeTarget;
			buildConfigurationList = F505CB81295321650079AE4A /* Build configuration list for PBXNativeTarget "RestAPIApp" */;
			buildPhases = (
				F505CB69295321640079AE4A /* Sources */,
				F505CB6A295321640079AE4A /* Frameworks */,
				F505CB6B295321640079AE4A /* Resources */,
			);
			buildRules = (
			);
			dependencies = (
			);
			name = RestAPIApp;
			productName = RestAPIApp;
			productReference = F505CB6D295321640079AE4A /* RestAPIApp.app */;
			productType = "com.apple.product-type.application";
		};
/* End PBXNativeTarget section */

/* Begin PBXProject section */
		F505CB65295321640079AE4A /* Project object */ = {
			isa = PBXProject;
			attributes = {
				BuildIndependentTargetsInParallel = 1;
				LastSwiftUpdateCheck = 1420;
				LastUpgradeCheck = 1420;
				TargetAttributes = {
					F505CB6C295321640079AE4A = {
						CreatedOnToolsVersion = 14.2;
					};
				};
			};
			buildConfigurationList = F505CB68295321640079AE4A /* Build configuration list for PBXProject "RestAPIApp" */;
			compatibilityVersion = "Xcode 14.0";
			developmentRegion = en;
			hasScannedForEncodings = 0;
			knownRegions = (
				en,
				Base,
			);
			mainGroup = F505CB64295321640079AE4A;
			productRefGroup = F505CB6E295321640079AE4A /* Products */;
			projectDirPath = "";
			projectRoot = "";
			targets = (
				F505CB6C295321640079AE4A /* RestAPIApp */,
			);
		};
/* End PBXProject section */

/* Begin PBXResourcesBuildPhase section */
		F505CB6B295321640079AE4A /* Resources */ = {
			isa = PBXResourcesBuildPhase;
			buildActionMask = 2147483647;
			files = (
				F52C7C2029588E580031D5DE /* PostFlow.storyboard in Resources */,
				F505CB7D295321650079AE4A /* LaunchScreen.storyboard in Resources */,
				F505CB7A295321650079AE4A /* Assets.xcassets in Resources */,
				F505CB78295321640079AE4A /* Main.storyboard in Resources */,
			);
			runOnlyForDeploymentPostprocessing = 0;
		};
/* End PBXResourcesBuildPhase section */

/* Begin PBXSourcesBuildPhase section */
		F505CB69295321640079AE4A /* Sources */ = {
			isa = PBXSourcesBuildPhase;
			buildActionMask = 2147483647;
			files = (
				F52C7C1C295881C10031D5DE /* DetailUserVC.swift in Sources */,
				F505CB8B295323A80079AE4A /* ActionCVCell.swift in Sources */,
				F52C7C26295891420031D5DE /* ApiConstants.swift in Sources */,
				F505CB89295322AD0079AE4A /* ActionsCVController.swift in Sources */,
				F5480B0A295A19E40028FCDE /* CommentsTVC.swift in Sources */,
				F505CB8F29534EC40079AE4A /* ImageVC.swift in Sources */,
				F52C7C18295876640031D5DE /* Models.swift in Sources */,
				F505CB71295321640079AE4A /* AppDelegate.swift in Sources */,
				F52C7C2429588F780031D5DE /* PostsTVC.swift in Sources */,
				F52C7C1A2958779C0031D5DE /* UsersTVC.swift in Sources */,
				F505CB73295321640079AE4A /* SceneDelegate.swift in Sources */,
			);
			runOnlyForDeploymentPostprocessing = 0;
		};
/* End PBXSourcesBuildPhase section */

/* Begin PBXVariantGroup section */
		F505CB76295321640079AE4A /* Main.storyboard */ = {
			isa = PBXVariantGroup;
			children = (
				F505CB77295321640079AE4A /* Base */,
			);
			name = Main.storyboard;
			sourceTree = "<group>";
		};
		F505CB7B295321650079AE4A /* LaunchScreen.storyboard */ = {
			isa = PBXVariantGroup;
			children = (
				F505CB7C295321650079AE4A /* Base */,
			);
			name = LaunchScreen.storyboard;
			sourceTree = "<group>";
		};
/* End PBXVariantGroup section */

/* Begin XCBuildConfiguration section */
		F505CB7F295321650079AE4A /* Debug */ = {
			isa = XCBuildConfiguration;
			buildSettings = {
				ALWAYS_SEARCH_USER_PATHS = NO;
				CLANG_ANALYZER_NONNULL = YES;
				CLANG_ANALYZER_NUMBER_OBJECT_CONVERSION = YES_AGGRESSIVE;
				CLANG_CXX_LANGUAGE_STANDARD = "gnu++20";
				CLANG_ENABLE_MODULES = YES;
				CLANG_ENABLE_OBJC_ARC = YES;
				CLANG_ENABLE_OBJC_WEAK = YES;
				CLANG_WARN_BLOCK_CAPTURE_AUTORELEASING = YES;
				CLANG_WARN_BOOL_CONVERSION = YES;
				CLANG_WARN_COMMA = YES;
				CLANG_WARN_CONSTANT_CONVERSION = YES;
				CLANG_WARN_DEPRECATED_OBJC_IMPLEMENTATIONS = YES;
				CLANG_WARN_DIRECT_OBJC_ISA_USAGE = YES_ERROR;
				CLANG_WARN_DOCUMENTATION_COMMENTS = YES;
				CLANG_WARN_EMPTY_BODY = YES;
				CLANG_WARN_ENUM_CONVERSION = YES;
				CLANG_WARN_INFINITE_RECURSION = YES;
				CLANG_WARN_INT_CONVERSION = YES;
				CLANG_WARN_NON_LITERAL_NULL_CONVERSION = YES;
				CLANG_WARN_OBJC_IMPLICIT_RETAIN_SELF = YES;
				CLANG_WARN_OBJC_LITERAL_CONVERSION = YES;
				CLANG_WARN_OBJC_ROOT_CLASS = YES_ERROR;
				CLANG_WARN_QUOTED_INCLUDE_IN_FRAMEWORK_HEADER = YES;
				CLANG_WARN_RANGE_LOOP_ANALYSIS = YES;
				CLANG_WARN_STRICT_PROTOTYPES = YES;
				CLANG_WARN_SUSPICIOUS_MOVE = YES;
				CLANG_WARN_UNGUARDED_AVAILABILITY = YES_AGGRESSIVE;
				CLANG_WARN_UNREACHABLE_CODE = YES;
				CLANG_WARN__DUPLICATE_METHOD_MATCH = YES;
				COPY_PHASE_STRIP = NO;
				DEBUG_INFORMATION_FORMAT = dwarf;
				ENABLE_STRICT_OBJC_MSGSEND = YES;
				ENABLE_TESTABILITY = YES;
				GCC_C_LANGUAGE_STANDARD = gnu11;
				GCC_DYNAMIC_NO_PIC = NO;
				GCC_NO_COMMON_BLOCKS = YES;
				GCC_OPTIMIZATION_LEVEL = 0;
				GCC_PREPROCESSOR_DEFINITIONS = (
					"DEBUG=1",
					"$(inherited)",
				);
				GCC_WARN_64_TO_32_BIT_CONVERSION = YES;
				GCC_WARN_ABOUT_RETURN_TYPE = YES_ERROR;
				GCC_WARN_UNDECLARED_SELECTOR = YES;
				GCC_WARN_UNINITIALIZED_AUTOS = YES_AGGRESSIVE;
				GCC_WARN_UNUSED_FUNCTION = YES;
				GCC_WARN_UNUSED_VARIABLE = YES;
				IPHONEOS_DEPLOYMENT_TARGET = 16.2;
				MTL_ENABLE_DEBUG_INFO = INCLUDE_SOURCE;
				MTL_FAST_MATH = YES;
				ONLY_ACTIVE_ARCH = YES;
				SDKROOT = iphoneos;
				SWIFT_ACTIVE_COMPILATION_CONDITIONS = DEBUG;
				SWIFT_OPTIMIZATION_LEVEL = "-Onone";
			};
			name = Debug;
		};
		F505CB80295321650079AE4A /* Release */ = {
			isa = XCBuildConfiguration;
			buildSettings = {
				ALWAYS_SEARCH_USER_PATHS = NO;
				CLANG_ANALYZER_NONNULL = YES;
				CLANG_ANALYZER_NUMBER_OBJECT_CONVERSION = YES_AGGRESSIVE;
				CLANG_CXX_LANGUAGE_STANDARD = "gnu++20";
				CLANG_ENABLE_MODULES = YES;
				CLANG_ENABLE_OBJC_ARC = YES;
				CLANG_ENABLE_OBJC_WEAK = YES;
				CLANG_WARN_BLOCK_CAPTURE_AUTORELEASING = YES;
				CLANG_WARN_BOOL_CONVERSION = YES;
				CLANG_WARN_COMMA = YES;
				CLANG_WARN_CONSTANT_CONVERSION = YES;
				CLANG_WARN_DEPRECATED_OBJC_IMPLEMENTATIONS = YES;
				CLANG_WARN_DIRECT_OBJC_ISA_USAGE = YES_ERROR;
				CLANG_WARN_DOCUMENTATION_COMMENTS = YES;
				CLANG_WARN_EMPTY_BODY = YES;
				CLANG_WARN_ENUM_CONVERSION = YES;
				CLANG_WARN_INFINITE_RECURSION = YES;
				CLANG_WARN_INT_CONVERSION = YES;
				CLANG_WARN_NON_LITERAL_NULL_CONVERSION = YES;
				CLANG_WARN_OBJC_IMPLICIT_RETAIN_SELF = YES;
				CLANG_WARN_OBJC_LITERAL_CONVERSION = YES;
				CLANG_WARN_OBJC_ROOT_CLASS = YES_ERROR;
				CLANG_WARN_QUOTED_INCLUDE_IN_FRAMEWORK_HEADER = YES;
				CLANG_WARN_RANGE_LOOP_ANALYSIS = YES;
				CLANG_WARN_STRICT_PROTOTYPES = YES;
				CLANG_WARN_SUSPICIOUS_MOVE = YES;
				CLANG_WARN_UNGUARDED_AVAILABILITY = YES_AGGRESSIVE;
				CLANG_WARN_UNREACHABLE_CODE = YES;
				CLANG_WARN__DUPLICATE_METHOD_MATCH = YES;
				COPY_PHASE_STRIP = NO;
				DEBUG_INFORMATION_FORMAT = "dwarf-with-dsym";
				ENABLE_NS_ASSERTIONS = NO;
				ENABLE_STRICT_OBJC_MSGSEND = YES;
				GCC_C_LANGUAGE_STANDARD = gnu11;
				GCC_NO_COMMON_BLOCKS = YES;
				GCC_WARN_64_TO_32_BIT_CONVERSION = YES;
				GCC_WARN_ABOUT_RETURN_TYPE = YES_ERROR;
				GCC_WARN_UNDECLARED_SELECTOR = YES;
				GCC_WARN_UNINITIALIZED_AUTOS = YES_AGGRESSIVE;
				GCC_WARN_UNUSED_FUNCTION = YES;
				GCC_WARN_UNUSED_VARIABLE = YES;
				IPHONEOS_DEPLOYMENT_TARGET = 16.2;
				MTL_ENABLE_DEBUG_INFO = NO;
				MTL_FAST_MATH = YES;
				SDKROOT = iphoneos;
				SWIFT_COMPILATION_MODE = wholemodule;
				SWIFT_OPTIMIZATION_LEVEL = "-O";
				VALIDATE_PRODUCT = YES;
			};
			name = Release;
		};
		F505CB82295321650079AE4A /* Debug */ = {
			isa = XCBuildConfiguration;
			buildSettings = {
				ASSETCATALOG_COMPILER_APPICON_NAME = AppIcon;
				ASSETCATALOG_COMPILER_GLOBAL_ACCENT_COLOR_NAME = AccentColor;
				CODE_SIGN_STYLE = Automatic;
				CURRENT_PROJECT_VERSION = 1;
				DEVELOPMENT_TEAM = L8L67VZR25;
				GENERATE_INFOPLIST_FILE = YES;
				INFOPLIST_FILE = RestAPIApp/Info.plist;
				INFOPLIST_KEY_UIApplicationSupportsIndirectInputEvents = YES;
				INFOPLIST_KEY_UILaunchStoryboardName = LaunchScreen;
				INFOPLIST_KEY_UIMainStoryboardFile = Main;
				INFOPLIST_KEY_UISupportedInterfaceOrientations_iPad = "UIInterfaceOrientationPortrait UIInterfaceOrientationPortraitUpsideDown UIInterfaceOrientationLandscapeLeft UIInterfaceOrientationLandscapeRight";
				INFOPLIST_KEY_UISupportedInterfaceOrientations_iPhone = "UIInterfaceOrientationPortrait UIInterfaceOrientationLandscapeLeft UIInterfaceOrientationLandscapeRight";
				LD_RUNPATH_SEARCH_PATHS = (
					"$(inherited)",
					"@executable_path/Frameworks",
				);
				MARKETING_VERSION = 1.0;
				PRODUCT_BUNDLE_IDENTIFIER = "com.sattdima34-gmail.RestAPIApp";
				PRODUCT_NAME = "$(TARGET_NAME)";
				SWIFT_EMIT_LOC_STRINGS = YES;
				SWIFT_VERSION = 5.0;
				TARGETED_DEVICE_FAMILY = "1,2";
			};
			name = Debug;
		};
		F505CB83295321650079AE4A /* Release */ = {
			isa = XCBuildConfiguration;
			buildSettings = {
				ASSETCATALOG_COMPILER_APPICON_NAME = AppIcon;
				ASSETCATALOG_COMPILER_GLOBAL_ACCENT_COLOR_NAME = AccentColor;
				CODE_SIGN_STYLE = Automatic;
				CURRENT_PROJECT_VERSION = 1;
				DEVELOPMENT_TEAM = L8L67VZR25;
				GENERATE_INFOPLIST_FILE = YES;
				INFOPLIST_FILE = RestAPIApp/Info.plist;
				INFOPLIST_KEY_UIApplicationSupportsIndirectInputEvents = YES;
				INFOPLIST_KEY_UILaunchStoryboardName = LaunchScreen;
				INFOPLIST_KEY_UIMainStoryboardFile = Main;
				INFOPLIST_KEY_UISupportedInterfaceOrientations_iPad = "UIInterfaceOrientationPortrait UIInterfaceOrientationPortraitUpsideDown UIInterfaceOrientationLandscapeLeft UIInterfaceOrientationLandscapeRight";
				INFOPLIST_KEY_UISupportedInterfaceOrientations_iPhone = "UIInterfaceOrientationPortrait UIInterfaceOrientationLandscapeLeft UIInterfaceOrientationLandscapeRight";
				LD_RUNPATH_SEARCH_PATHS = (
					"$(inherited)",
					"@executable_path/Frameworks",
				);
				MARKETING_VERSION = 1.0;
				PRODUCT_BUNDLE_IDENTIFIER = "com.sattdima34-gmail.RestAPIApp";
				PRODUCT_NAME = "$(TARGET_NAME)";
				SWIFT_EMIT_LOC_STRINGS = YES;
				SWIFT_VERSION = 5.0;
				TARGETED_DEVICE_FAMILY = "1,2";
			};
			name = Release;
		};
/* End XCBuildConfiguration section */

/* Begin XCConfigurationList section */
		F505CB68295321640079AE4A /* Build configuration list for PBXProject "RestAPIApp" */ = {
			isa = XCConfigurationList;
			buildConfigurations = (
				F505CB7F295321650079AE4A /* Debug */,
				F505CB80295321650079AE4A /* Release */,
			);
			defaultConfigurationIsVisible = 0;
			defaultConfigurationName = Release;
		};
		F505CB81295321650079AE4A /* Build configuration list for PBXNativeTarget "RestAPIApp" */ = {
			isa = XCConfigurationList;
			buildConfigurations = (
				F505CB82295321650079AE4A /* Debug */,
				F505CB83295321650079AE4A /* Release */,
			);
			defaultConfigurationIsVisible = 0;
			defaultConfigurationName = Release;
		};
/* End XCConfigurationList section */
	};
	rootObject = F505CB65295321640079AE4A /* Project object */;
}
